
Microsoft Visual Studio Solution File, Format Version 12.00
# Visual Studio Version 16
VisualStudioVersion = 16.0.30204.135
MinimumVisualStudioVersion = 10.0.40219.1
Project("{FAE04EC0-301F-11D3-BF4B-00C04F79EFBC}") = "Missatges", "Missatges\Missatges.csproj", "{B8F78E63-C283-42A1-B532-A7EC1944228A}"
EndProject
Project("{FAE04EC0-301F-11D3-BF4B-00C04F79EFBC}") = "IAPOO", "IAPOO\IAPOO.csproj", "{D0484DA7-710B-4788-8935-E00A343C26D4}"
EndProject
Global
	GlobalSection(SolutionConfigurationPlatforms) = preSolution
		Debug|Any CPU = Debug|Any CPU
		Release|Any CPU = Release|Any CPU
	EndGlobalSection
	GlobalSection(ProjectConfigurationPlatforms) = postSolution
		{B8F78E63-C283-42A1-B532-A7EC1944228A}.Debug|Any CPU.ActiveCfg = Debug|Any CPU
		{B8F78E63-C283-42A1-B532-A7EC1944228A}.Debug|Any CPU.Build.0 = Debug|Any CPU
		{B8F78E63-C283-42A1-B532-A7EC1944228A}.Release|Any CPU.ActiveCfg = Release|Any CPU
		{B8F78E63-C283-42A1-B532-A7EC1944228A}.Release|Any CPU.Build.0 = Release|Any CPU
		{D0484DA7-710B-4788-8935-E00A343C26D4}.Debug|Any CPU.ActiveCfg = Debug|Any CPU
		{D0484DA7-710B-4788-8935-E00A343C26D4}.Debug|Any CPU.Build.0 = Debug|Any CPU
		{D0484DA7-710B-4788-8935-E00A343C26D4}.Release|Any CPU.ActiveCfg = Release|Any CPU
		{D0484DA7-710B-4788-8935-E00A343C26D4}.Release|Any CPU.Build.0 = Release|Any CPU
	EndGlobalSection
	GlobalSection(SolutionProperties) = preSolution
		HideSolutionNode = FALSE
	EndGlobalSection
	GlobalSection(ExtensibilityGlobals) = postSolution
		SolutionGuid = {0520B9BB-3953-41EB-99C3-3E8BA9DB63BE}
	EndGlobalSection
EndGlobal
